
Microsoft Visual Studio Solution File, Format Version 12.00
# Visual Studio 15
VisualStudioVersion = 15.0.26730.10
MinimumVisualStudioVersion = 10.0.40219.1
Project("{FAE04EC0-301F-11D3-BF4B-00C04F79EFBC}") = "ConsoleApp1", "ConsoleApp1\ConsoleApp1.csproj", "{82805F4A-DF43-4867-A84F-9FF29E5041C3}"
EndProject
Global
	GlobalSection(SolutionConfigurationPlatforms) = preSolution
		Debug|Any CPU = Debug|Any CPU
		Release|Any CPU = Release|Any CPU
	EndGlobalSection
	GlobalSection(ProjectConfigurationPlatforms) = postSolution
		{82805F4A-DF43-4867-A84F-9FF29E5041C3}.Debug|Any CPU.ActiveCfg = Debug|Any CPU
		{82805F4A-DF43-4867-A84F-9FF29E5041C3}.Debug|Any CPU.Build.0 = Debug|Any CPU
		{82805F4A-DF43-4867-A84F-9FF29E5041C3}.Release|Any CPU.ActiveCfg = Release|Any CPU
		{82805F4A-DF43-4867-A84F-9FF29E5041C3}.Release|Any CPU.Build.0 = Release|Any CPU
	EndGlobalSection
	GlobalSection(SolutionProperties) = preSolution
		HideSolutionNode = FALSE
	EndGlobalSection
	GlobalSection(ExtensibilityGlobals) = postSolution
		SolutionGuid = {7C76C1EE-90E1-465E-A7F2-2B45A7E98BCD}
	EndGlobalSection
EndGlobal
